
Microsoft Visual Studio Solution File, Format Version 12.00
# Visual Studio Version 17
VisualStudioVersion = 17.5.33424.131
MinimumVisualStudioVersion = 10.0.40219.1
Project("{FAE04EC0-301F-11D3-BF4B-00C04F79EFBC}") = "BackendAPI", "BackendAPI.csproj", "{21445785-CA9F-4E80-9A01-411EEACF3E6F}"
EndProject
Global
	GlobalSection(SolutionConfigurationPlatforms) = preSolution
		Debug|Any CPU = Debug|Any CPU
		Release|Any CPU = Release|Any CPU
	EndGlobalSection
	GlobalSection(ProjectConfigurationPlatforms) = postSolution
		{21445785-CA9F-4E80-9A01-411EEACF3E6F}.Debug|Any CPU.ActiveCfg = Debug|Any CPU
		{21445785-CA9F-4E80-9A01-411EEACF3E6F}.Debug|Any CPU.Build.0 = Debug|Any CPU
		{21445785-CA9F-4E80-9A01-411EEACF3E6F}.Release|Any CPU.ActiveCfg = Release|Any CPU
		{21445785-CA9F-4E80-9A01-411EEACF3E6F}.Release|Any CPU.Build.0 = Release|Any CPU
	EndGlobalSection
	GlobalSection(SolutionProperties) = preSolution
		HideSolutionNode = FALSE
	EndGlobalSection
	GlobalSection(ExtensibilityGlobals) = postSolution
		SolutionGuid = {70A98CA2-5E79-4F8B-A1D0-2FC11504A3DF}
	EndGlobalSection
EndGlobal
